
Microsoft Visual Studio Solution File, Format Version 12.00
# Visual Studio Version 16
VisualStudioVersion = 16.0.29926.136
MinimumVisualStudioVersion = 10.0.40219.1
Project("{FAE04EC0-301F-11D3-BF4B-00C04F79EFBC}") = "MiniTC", "MiniTC\MiniTC.csproj", "{DCA929E7-0779-4DB1-97D3-D230F8AA7791}"
EndProject
Global
	GlobalSection(SolutionConfigurationPlatforms) = preSolution
		Debug|Any CPU = Debug|Any CPU
		Release|Any CPU = Release|Any CPU
	EndGlobalSection
	GlobalSection(ProjectConfigurationPlatforms) = postSolution
		{DCA929E7-0779-4DB1-97D3-D230F8AA7791}.Debug|Any CPU.ActiveCfg = Debug|Any CPU
		{DCA929E7-0779-4DB1-97D3-D230F8AA7791}.Debug|Any CPU.Build.0 = Debug|Any CPU
		{DCA929E7-0779-4DB1-97D3-D230F8AA7791}.Release|Any CPU.ActiveCfg = Release|Any CPU
		{DCA929E7-0779-4DB1-97D3-D230F8AA7791}.Release|Any CPU.Build.0 = Release|Any CPU
	EndGlobalSection
	GlobalSection(SolutionProperties) = preSolution
		HideSolutionNode = FALSE
	EndGlobalSection
	GlobalSection(ExtensibilityGlobals) = postSolution
		SolutionGuid = {241CE28F-1D6F-4E08-8D80-7CDA49E63AB4}
	EndGlobalSection
EndGlobal
